
Microsoft Visual Studio Solution File, Format Version 12.00
# Visual Studio Version 17
VisualStudioVersion = 17.5.002.0
MinimumVisualStudioVersion = 10.0.40219.1
Project("{9A19103F-16F7-4668-BE54-9A1E7A4F7556}") = "FleetServicesAPI", "FleetServicesAPI\FleetServicesAPI.csproj", "{2099010B-8AD8-47BF-8D57-FC14FECD6020}"
EndProject
Project("{2150E333-8FDC-42A3-9474-1A3956D46DE8}") = "FleetServicesAPI (1)", "FleetServicesAPI", "{C530F8F9-CDFE-4C2D-AF83-0F8865BD614C}"
EndProject
Project("{9A19103F-16F7-4668-BE54-9A1E7A4F7556}") = "FleetServicesAPI.Tests", "FleetServicesAPI\FleetServicesAPI.Tests\FleetServicesAPI.Tests.csproj", "{872D37DD-84FC-4BDC-A35E-271476CFC5EC}"
EndProject
Global
	GlobalSection(SolutionConfigurationPlatforms) = preSolution
		Debug|Any CPU = Debug|Any CPU
		Release|Any CPU = Release|Any CPU
	EndGlobalSection
	GlobalSection(ProjectConfigurationPlatforms) = postSolution
		{2099010B-8AD8-47BF-8D57-FC14FECD6020}.Debug|Any CPU.ActiveCfg = Debug|Any CPU
		{2099010B-8AD8-47BF-8D57-FC14FECD6020}.Debug|Any CPU.Build.0 = Debug|Any CPU
		{2099010B-8AD8-47BF-8D57-FC14FECD6020}.Release|Any CPU.ActiveCfg = Release|Any CPU
		{2099010B-8AD8-47BF-8D57-FC14FECD6020}.Release|Any CPU.Build.0 = Release|Any CPU
		{872D37DD-84FC-4BDC-A35E-271476CFC5EC}.Debug|Any CPU.ActiveCfg = Debug|Any CPU
		{872D37DD-84FC-4BDC-A35E-271476CFC5EC}.Debug|Any CPU.Build.0 = Debug|Any CPU
		{872D37DD-84FC-4BDC-A35E-271476CFC5EC}.Release|Any CPU.ActiveCfg = Release|Any CPU
		{872D37DD-84FC-4BDC-A35E-271476CFC5EC}.Release|Any CPU.Build.0 = Release|Any CPU
	EndGlobalSection
	GlobalSection(SolutionProperties) = preSolution
		HideSolutionNode = FALSE
	EndGlobalSection
	GlobalSection(NestedProjects) = preSolution
		{872D37DD-84FC-4BDC-A35E-271476CFC5EC} = {C530F8F9-CDFE-4C2D-AF83-0F8865BD614C}
	EndGlobalSection
	GlobalSection(ExtensibilityGlobals) = postSolution
		SolutionGuid = {395BD584-C162-4873-9F14-572B52824AAF}
	EndGlobalSection
EndGlobal
